
Microsoft Visual Studio Solution File, Format Version 12.00
# Visual Studio Version 16
VisualStudioVersion = 16.0.30503.244
MinimumVisualStudioVersion = 10.0.40219.1
Project("{FAE04EC0-301F-11D3-BF4B-00C04F79EFBC}") = "AtmosCSharpClassLibraryProjectFileTemplate", "AtmosCSharpClassLibraryProjectFileTemplate\AtmosCSharpClassLibraryProjectFileTemplate.csproj", "{7CB9262B-2F01-4164-8246-51D9C60D0FDB}"
EndProject
Project("{FAE04EC0-301F-11D3-BF4B-00C04F79EFBC}") = "AtmosVisualStudioTemplates", "AtmosVisualStudioTemplates\AtmosVisualStudioTemplates.csproj", "{689BAE21-7D65-49A9-8E1E-ED80F7D652E4}"
EndProject
Project("{FAE04EC0-301F-11D3-BF4B-00C04F79EFBC}") = "AtmosCSharpNUnitProjectFileTemplate", "AtmosCSharpNUnitProjectFileTemplate\AtmosCSharpNUnitProjectFileTemplate.csproj", "{3C1D649E-0DAA-48F4-B7DD-DD6A1EFEFEC9}"
EndProject
Global
	GlobalSection(SolutionConfigurationPlatforms) = preSolution
		Debug|Any CPU = Debug|Any CPU
		Release|Any CPU = Release|Any CPU
	EndGlobalSection
	GlobalSection(ProjectConfigurationPlatforms) = postSolution
		{7CB9262B-2F01-4164-8246-51D9C60D0FDB}.Debug|Any CPU.ActiveCfg = Debug|Any CPU
		{7CB9262B-2F01-4164-8246-51D9C60D0FDB}.Debug|Any CPU.Build.0 = Debug|Any CPU
		{7CB9262B-2F01-4164-8246-51D9C60D0FDB}.Release|Any CPU.ActiveCfg = Release|Any CPU
		{7CB9262B-2F01-4164-8246-51D9C60D0FDB}.Release|Any CPU.Build.0 = Release|Any CPU
		{689BAE21-7D65-49A9-8E1E-ED80F7D652E4}.Debug|Any CPU.ActiveCfg = Debug|Any CPU
		{689BAE21-7D65-49A9-8E1E-ED80F7D652E4}.Debug|Any CPU.Build.0 = Debug|Any CPU
		{689BAE21-7D65-49A9-8E1E-ED80F7D652E4}.Release|Any CPU.ActiveCfg = Release|Any CPU
		{689BAE21-7D65-49A9-8E1E-ED80F7D652E4}.Release|Any CPU.Build.0 = Release|Any CPU
		{3C1D649E-0DAA-48F4-B7DD-DD6A1EFEFEC9}.Debug|Any CPU.ActiveCfg = Debug|Any CPU
		{3C1D649E-0DAA-48F4-B7DD-DD6A1EFEFEC9}.Debug|Any CPU.Build.0 = Debug|Any CPU
		{3C1D649E-0DAA-48F4-B7DD-DD6A1EFEFEC9}.Release|Any CPU.ActiveCfg = Release|Any CPU
		{3C1D649E-0DAA-48F4-B7DD-DD6A1EFEFEC9}.Release|Any CPU.Build.0 = Release|Any CPU
	EndGlobalSection
	GlobalSection(SolutionProperties) = preSolution
		HideSolutionNode = FALSE
	EndGlobalSection
	GlobalSection(ExtensibilityGlobals) = postSolution
		SolutionGuid = {9AFF61C4-95FB-43F9-9FF3-B59C1E3B1F1E}
	EndGlobalSection
EndGlobal
